// !$*UTF8*$!
{
	archiveVersion = 1;
	classes = {
	};
	objectVersion = 55;
	objects = {

/* Begin PBXBuildFile section */
		B6045FF6286EDB2400ED47FC /* SettingsLabelView.swift in Sources */ = {isa = PBXBuildFile; fileRef = B6045FF5286EDB2400ED47FC /* SettingsLabelView.swift */; };
		B62D5242286CA41D0022072B /* FructusApp.swift in Sources */ = {isa = PBXBuildFile; fileRef = B62D5241286CA41D0022072B /* FructusApp.swift */; };
		B62D5244286CA41D0022072B /* ContentView.swift in Sources */ = {isa = PBXBuildFile; fileRef = B62D5243286CA41D0022072B /* ContentView.swift */; };
		B62D5246286CA41F0022072B /* Assets.xcassets in Resources */ = {isa = PBXBuildFile; fileRef = B62D5245286CA41F0022072B /* Assets.xcassets */; };
		B62D5249286CA41F0022072B /* Preview Assets.xcassets in Resources */ = {isa = PBXBuildFile; fileRef = B62D5248286CA41F0022072B /* Preview Assets.xcassets */; };
		B62D5254286CA6600022072B /* FruitCardView.swift in Sources */ = {isa = PBXBuildFile; fileRef = B62D5253286CA6600022072B /* FruitCardView.swift */; };
		B62D5256286CA96B0022072B /* StartButtonView.swift in Sources */ = {isa = PBXBuildFile; fileRef = B62D5255286CA96B0022072B /* StartButtonView.swift */; };
		B62D5258286CAB580022072B /* OnboardingView.swift in Sources */ = {isa = PBXBuildFile; fileRef = B62D5257286CAB580022072B /* OnboardingView.swift */; };
		B62D525E286CAD170022072B /* FruitData.swift in Sources */ = {isa = PBXBuildFile; fileRef = B62D525D286CAD170022072B /* FruitData.swift */; };
		B62D5260286CAD530022072B /* FruitModel.swift in Sources */ = {isa = PBXBuildFile; fileRef = B62D525F286CAD530022072B /* FruitModel.swift */; };
		B62D5262286CB1670022072B /* FruitRowView.swift in Sources */ = {isa = PBXBuildFile; fileRef = B62D5261286CB1670022072B /* FruitRowView.swift */; };
		B62D5264286CB4940022072B /* FruitDetailView.swift in Sources */ = {isa = PBXBuildFile; fileRef = B62D5263286CB4940022072B /* FruitDetailView.swift */; };
		B62D5266286CB7BD0022072B /* FruitHeaderView.swift in Sources */ = {isa = PBXBuildFile; fileRef = B62D5265286CB7BD0022072B /* FruitHeaderView.swift */; };
		B62D5268286CB9A40022072B /* SourceLinkView.swift in Sources */ = {isa = PBXBuildFile; fileRef = B62D5267286CB9A40022072B /* SourceLinkView.swift */; };
		B62D526A286CBB6E0022072B /* FruitNutrientsView.swift in Sources */ = {isa = PBXBuildFile; fileRef = B62D5269286CBB6E0022072B /* FruitNutrientsView.swift */; };
		B62D526C286DFB000022072B /* SettingsView.swift in Sources */ = {isa = PBXBuildFile; fileRef = B62D526B286DFB000022072B /* SettingsView.swift */; };
/* End PBXBuildFile section */

/* Begin PBXFileReference section */
		B6045FF5286EDB2400ED47FC /* SettingsLabelView.swift */ = {isa = PBXFileReference; lastKnownFileType = sourcecode.swift; path = SettingsLabelView.swift; sourceTree = "<group>"; };
		B62D523E286CA41D0022072B /* Fructus.app */ = {isa = PBXFileReference; explicitFileType = wrapper.application; includeInIndex = 0; path = Fructus.app; sourceTree = BUILT_PRODUCTS_DIR; };
		B62D5241286CA41D0022072B /* FructusApp.swift */ = {isa = PBXFileReference; lastKnownFileType = sourcecode.swift; path = FructusApp.swift; sourceTree = "<group>"; };
		B62D5243286CA41D0022072B /* ContentView.swift */ = {isa = PBXFileReference; lastKnownFileType = sourcecode.swift; path = ContentView.swift; sourceTree = "<group>"; };
		B62D5245286CA41F0022072B /* Assets.xcassets */ = {isa = PBXFileReference; lastKnownFileType = folder.assetcatalog; path = Assets.xcassets; sourceTree = "<group>"; };
		B62D5248286CA41F0022072B /* Preview Assets.xcassets */ = {isa = PBXFileReference; lastKnownFileType = folder.assetcatalog; path = "Preview Assets.xcassets"; sourceTree = "<group>"; };
		B62D5253286CA6600022072B /* FruitCardView.swift */ = {isa = PBXFileReference; lastKnownFileType = sourcecode.swift; path = FruitCardView.swift; sourceTree = "<group>"; };
		B62D5255286CA96B0022072B /* StartButtonView.swift */ = {isa = PBXFileReference; lastKnownFileType = sourcecode.swift; path = StartButtonView.swift; sourceTree = "<group>"; };
		B62D5257286CAB580022072B /* OnboardingView.swift */ = {isa = PBXFileReference; lastKnownFileType = sourcecode.swift; path = OnboardingView.swift; sourceTree = "<group>"; };
		B62D525D286CAD170022072B /* FruitData.swift */ = {isa = PBXFileReference; lastKnownFileType = sourcecode.swift; path = FruitData.swift; sourceTree = "<group>"; };
		B62D525F286CAD530022072B /* FruitModel.swift */ = {isa = PBXFileReference; lastKnownFileType = sourcecode.swift; path = FruitModel.swift; sourceTree = "<group>"; };
		B62D5261286CB1670022072B /* FruitRowView.swift */ = {isa = PBXFileReference; lastKnownFileType = sourcecode.swift; path = FruitRowView.swift; sourceTree = "<group>"; };
		B62D5263286CB4940022072B /* FruitDetailView.swift */ = {isa = PBXFileReference; lastKnownFileType = sourcecode.swift; path = FruitDetailView.swift; sourceTree = "<group>"; };
		B62D5265286CB7BD0022072B /* FruitHeaderView.swift */ = {isa = PBXFileReference; lastKnownFileType = sourcecode.swift; path = FruitHeaderView.swift; sourceTree = "<group>"; };
		B62D5267286CB9A40022072B /* SourceLinkView.swift */ = {isa = PBXFileReference; lastKnownFileType = sourcecode.swift; path = SourceLinkView.swift; sourceTree = "<group>"; };
		B62D5269286CBB6E0022072B /* FruitNutrientsView.swift */ = {isa = PBXFileReference; lastKnownFileType = sourcecode.swift; path = FruitNutrientsView.swift; sourceTree = "<group>"; };
		B62D526B286DFB000022072B /* SettingsView.swift */ = {isa = PBXFileReference; lastKnownFileType = sourcecode.swift; path = SettingsView.swift; sourceTree = "<group>"; };
/* End PBXFileReference section */

/* Begin PBXFrameworksBuildPhase section */
		B62D523B286CA41D0022072B /* Frameworks */ = {
			isa = PBXFrameworksBuildPhase;
			buildActionMask = 2147483647;
			files = (
			);
			runOnlyForDeploymentPostprocessing = 0;
		};
/* End PBXFrameworksBuildPhase section */

/* Begin PBXGroup section */
		B62D5235286CA41D0022072B = {
			isa = PBXGroup;
			children = (
				B62D5240286CA41D0022072B /* Fructus */,
				B62D523F286CA41D0022072B /* Products */,
			);
			sourceTree = "<group>";
		};
		B62D523F286CA41D0022072B /* Products */ = {
			isa = PBXGroup;
			children = (
				B62D523E286CA41D0022072B /* Fructus.app */,
			);
			name = Products;
			sourceTree = "<group>";
		};
		B62D5240286CA41D0022072B /* Fructus */ = {
			isa = PBXGroup;
			children = (
				B62D5252286CA6420022072B /* Screens */,
				B62D525A286CAC770022072B /* Model */,
				B62D5259286CAC700022072B /* Data */,
				B62D5250286CA61F0022072B /* View */,
				B62D524F286CA6090022072B /* App */,
				B62D5245286CA41F0022072B /* Assets.xcassets */,
				B62D5247286CA41F0022072B /* Preview Content */,
			);
			path = Fructus;
			sourceTree = "<group>";
		};
		B62D5247286CA41F0022072B /* Preview Content */ = {
			isa = PBXGroup;
			children = (
				B62D5248286CA41F0022072B /* Preview Assets.xcassets */,
			);
			path = "Preview Content";
			sourceTree = "<group>";
		};
		B62D524F286CA6090022072B /* App */ = {
			isa = PBXGroup;
			children = (
				B62D5241286CA41D0022072B /* FructusApp.swift */,
			);
			path = App;
			sourceTree = "<group>";
		};
		B62D5250286CA61F0022072B /* View */ = {
			isa = PBXGroup;
			children = (
				B62D5269286CBB6E0022072B /* FruitNutrientsView.swift */,
				B62D5267286CB9A40022072B /* SourceLinkView.swift */,
				B62D5265286CB7BD0022072B /* FruitHeaderView.swift */,
				B62D5261286CB1670022072B /* FruitRowView.swift */,
				B62D5253286CA6600022072B /* FruitCardView.swift */,
				B62D5255286CA96B0022072B /* StartButtonView.swift */,
				B6045FF5286EDB2400ED47FC /* SettingsLabelView.swift */,
			);
			path = View;
			sourceTree = "<group>";
		};
		B62D5252286CA6420022072B /* Screens */ = {
			isa = PBXGroup;
			children = (
				B62D5243286CA41D0022072B /* ContentView.swift */,
				B62D5257286CAB580022072B /* OnboardingView.swift */,
				B62D5263286CB4940022072B /* FruitDetailView.swift */,
				B62D526B286DFB000022072B /* SettingsView.swift */,
			);
			path = Screens;
			sourceTree = "<group>";
		};
		B62D5259286CAC700022072B /* Data */ = {
			isa = PBXGroup;
			children = (
				B62D525D286CAD170022072B /* FruitData.swift */,
			);
			path = Data;
			sourceTree = "<group>";
		};
		B62D525A286CAC770022072B /* Model */ = {
			isa = PBXGroup;
			children = (
				B62D525F286CAD530022072B /* FruitModel.swift */,
			);
			path = Model;
			sourceTree = "<group>";
		};
/* End PBXGroup section */

/* Begin PBXNativeTarget section */
		B62D523D286CA41D0022072B /* Fructus */ = {
			isa = PBXNativeTarget;
			buildConfigurationList = B62D524C286CA41F0022072B /* Build configuration list for PBXNativeTarget "Fructus" */;
			buildPhases = (
				B62D523A286CA41D0022072B /* Sources */,
				B62D523B286CA41D0022072B /* Frameworks */,
				B62D523C286CA41D0022072B /* Resources */,
			);
			buildRules = (
			);
			dependencies = (
			);
			name = Fructus;
			productName = Fructus;
			productReference = B62D523E286CA41D0022072B /* Fructus.app */;
			productType = "com.apple.product-type.application";
		};
/* End PBXNativeTarget section */

/* Begin PBXProject section */
		B62D5236286CA41D0022072B /* Project object */ = {
			isa = PBXProject;
			attributes = {
				BuildIndependentTargetsInParallel = 1;
				LastSwiftUpdateCheck = 1340;
				LastUpgradeCheck = 1340;
				TargetAttributes = {
					B62D523D286CA41D0022072B = {
						CreatedOnToolsVersion = 13.4.1;
					};
				};
			};
			buildConfigurationList = B62D5239286CA41D0022072B /* Build configuration list for PBXProject "Fructus" */;
			compatibilityVersion = "Xcode 13.0";
			developmentRegion = en;
			hasScannedForEncodings = 0;
			knownRegions = (
				en,
				Base,
			);
			mainGroup = B62D5235286CA41D0022072B;
			productRefGroup = B62D523F286CA41D0022072B /* Products */;
			projectDirPath = "";
			projectRoot = "";
			targets = (
				B62D523D286CA41D0022072B /* Fructus */,
			);
		};
/* End PBXProject section */

/* Begin PBXResourcesBuildPhase section */
		B62D523C286CA41D0022072B /* Resources */ = {
			isa = PBXResourcesBuildPhase;
			buildActionMask = 2147483647;
			files = (
				B62D5249286CA41F0022072B /* Preview Assets.xcassets in Resources */,
				B62D5246286CA41F0022072B /* Assets.xcassets in Resources */,
			);
			runOnlyForDeploymentPostprocessing = 0;
		};
/* End PBXResourcesBuildPhase section */

/* Begin PBXSourcesBuildPhase section */
		B62D523A286CA41D0022072B /* Sources */ = {
			isa = PBXSourcesBuildPhase;
			buildActionMask = 2147483647;
			files = (
				B62D525E286CAD170022072B /* FruitData.swift in Sources */,
				B62D5268286CB9A40022072B /* SourceLinkView.swift in Sources */,
				B62D5260286CAD530022072B /* FruitModel.swift in Sources */,
				B62D5262286CB1670022072B /* FruitRowView.swift in Sources */,
				B62D526A286CBB6E0022072B /* FruitNutrientsView.swift in Sources */,
				B62D5254286CA6600022072B /* FruitCardView.swift in Sources */,
				B62D5264286CB4940022072B /* FruitDetailView.swift in Sources */,
				B62D5256286CA96B0022072B /* StartButtonView.swift in Sources */,
				B62D5266286CB7BD0022072B /* FruitHeaderView.swift in Sources */,
				B62D5244286CA41D0022072B /* ContentView.swift in Sources */,
				B6045FF6286EDB2400ED47FC /* SettingsLabelView.swift in Sources */,
				B62D5258286CAB580022072B /* OnboardingView.swift in Sources */,
				B62D5242286CA41D0022072B /* FructusApp.swift in Sources */,
				B62D526C286DFB000022072B /* SettingsView.swift in Sources */,
			);
			runOnlyForDeploymentPostprocessing = 0;
		};
/* End PBXSourcesBuildPhase section */

/* Begin XCBuildConfiguration section */
		B62D524A286CA41F0022072B /* Debug */ = {
			isa = XCBuildConfiguration;
			buildSettings = {
				ALWAYS_SEARCH_USER_PATHS = NO;
				CLANG_ANALYZER_NONNULL = YES;
				CLANG_ANALYZER_NUMBER_OBJECT_CONVERSION = YES_AGGRESSIVE;
				CLANG_CXX_LANGUAGE_STANDARD = "gnu++17";
				CLANG_ENABLE_MODULES = YES;
				CLANG_ENABLE_OBJC_ARC = YES;
				CLANG_ENABLE_OBJC_WEAK = YES;
				CLANG_WARN_BLOCK_CAPTURE_AUTORELEASING = YES;
				CLANG_WARN_BOOL_CONVERSION = YES;
				CLANG_WARN_COMMA = YES;
				CLANG_WARN_CONSTANT_CONVERSION = YES;
				CLANG_WARN_DEPRECATED_OBJC_IMPLEMENTATIONS = YES;
				CLANG_WARN_DIRECT_OBJC_ISA_USAGE = YES_ERROR;
				CLANG_WARN_DOCUMENTATION_COMMENTS = YES;
				CLANG_WARN_EMPTY_BODY = YES;
				CLANG_WARN_ENUM_CONVERSION = YES;
				CLANG_WARN_INFINITE_RECURSION = YES;
				CLANG_WARN_INT_CONVERSION = YES;
				CLANG_WARN_NON_LITERAL_NULL_CONVERSION = YES;
				CLANG_WARN_OBJC_IMPLICIT_RETAIN_SELF = YES;
				CLANG_WARN_OBJC_LITERAL_CONVERSION = YES;
				CLANG_WARN_OBJC_ROOT_CLASS = YES_ERROR;
				CLANG_WARN_QUOTED_INCLUDE_IN_FRAMEWORK_HEADER = YES;
				CLANG_WARN_RANGE_LOOP_ANALYSIS = YES;
				CLANG_WARN_STRICT_PROTOTYPES = YES;
				CLANG_WARN_SUSPICIOUS_MOVE = YES;
				CLANG_WARN_UNGUARDED_AVAILABILITY = YES_AGGRESSIVE;
				CLANG_WARN_UNREACHABLE_CODE = YES;
				CLANG_WARN__DUPLICATE_METHOD_MATCH = YES;
				COPY_PHASE_STRIP = NO;
				DEBUG_INFORMATION_FORMAT = dwarf;
				ENABLE_STRICT_OBJC_MSGSEND = YES;
				ENABLE_TESTABILITY = YES;
				GCC_C_LANGUAGE_STANDARD = gnu11;
				GCC_DYNAMIC_NO_PIC = NO;
				GCC_NO_COMMON_BLOCKS = YES;
				GCC_OPTIMIZATION_LEVEL = 0;
				GCC_PREPROCESSOR_DEFINITIONS = (
					"DEBUG=1",
					"$(inherited)",
				);
				GCC_WARN_64_TO_32_BIT_CONVERSION = YES;
				GCC_WARN_ABOUT_RETURN_TYPE = YES_ERROR;
				GCC_WARN_UNDECLARED_SELECTOR = YES;
				GCC_WARN_UNINITIALIZED_AUTOS = YES_AGGRESSIVE;
				GCC_WARN_UNUSED_FUNCTION = YES;
				GCC_WARN_UNUSED_VARIABLE = YES;
				IPHONEOS_DEPLOYMENT_TARGET = 15.5;
				MTL_ENABLE_DEBUG_INFO = INCLUDE_SOURCE;
				MTL_FAST_MATH = YES;
				ONLY_ACTIVE_ARCH = YES;
				SDKROOT = iphoneos;
				SWIFT_ACTIVE_COMPILATION_CONDITIONS = DEBUG;
				SWIFT_OPTIMIZATION_LEVEL = "-Onone";
			};
			name = Debug;
		};
		B62D524B286CA41F0022072B /* Release */ = {
			isa = XCBuildConfiguration;
			buildSettings = {
				ALWAYS_SEARCH_USER_PATHS = NO;
				CLANG_ANALYZER_NONNULL = YES;
				CLANG_ANALYZER_NUMBER_OBJECT_CONVERSION = YES_AGGRESSIVE;
				CLANG_CXX_LANGUAGE_STANDARD = "gnu++17";
				CLANG_ENABLE_MODULES = YES;
				CLANG_ENABLE_OBJC_ARC = YES;
				CLANG_ENABLE_OBJC_WEAK = YES;
				CLANG_WARN_BLOCK_CAPTURE_AUTORELEASING = YES;
				CLANG_WARN_BOOL_CONVERSION = YES;
				CLANG_WARN_COMMA = YES;
				CLANG_WARN_CONSTANT_CONVERSION = YES;
				CLANG_WARN_DEPRECATED_OBJC_IMPLEMENTATIONS = YES;
				CLANG_WARN_DIRECT_OBJC_ISA_USAGE = YES_ERROR;
				CLANG_WARN_DOCUMENTATION_COMMENTS = YES;
				CLANG_WARN_EMPTY_BODY = YES;
				CLANG_WARN_ENUM_CONVERSION = YES;
				CLANG_WARN_INFINITE_RECURSION = YES;
				CLANG_WARN_INT_CONVERSION = YES;
				CLANG_WARN_NON_LITERAL_NULL_CONVERSION = YES;
				CLANG_WARN_OBJC_IMPLICIT_RETAIN_SELF = YES;
				CLANG_WARN_OBJC_LITERAL_CONVERSION = YES;
				CLANG_WARN_OBJC_ROOT_CLASS = YES_ERROR;
				CLANG_WARN_QUOTED_INCLUDE_IN_FRAMEWORK_HEADER = YES;
				CLANG_WARN_RANGE_LOOP_ANALYSIS = YES;
				CLANG_WARN_STRICT_PROTOTYPES = YES;
				CLANG_WARN_SUSPICIOUS_MOVE = YES;
				CLANG_WARN_UNGUARDED_AVAILABILITY = YES_AGGRESSIVE;
				CLANG_WARN_UNREACHABLE_CODE = YES;
				CLANG_WARN__DUPLICATE_METHOD_MATCH = YES;
				COPY_PHASE_STRIP = NO;
				DEBUG_INFORMATION_FORMAT = "dwarf-with-dsym";
				ENABLE_NS_ASSERTIONS = NO;
				ENABLE_STRICT_OBJC_MSGSEND = YES;
				GCC_C_LANGUAGE_STANDARD = gnu11;
				GCC_NO_COMMON_BLOCKS = YES;
				GCC_WARN_64_TO_32_BIT_CONVERSION = YES;
				GCC_WARN_ABOUT_RETURN_TYPE = YES_ERROR;
				GCC_WARN_UNDECLARED_SELECTOR = YES;
				GCC_WARN_UNINITIALIZED_AUTOS = YES_AGGRESSIVE;
				GCC_WARN_UNUSED_FUNCTION = YES;
				GCC_WARN_UNUSED_VARIABLE = YES;
				IPHONEOS_DEPLOYMENT_TARGET = 15.5;
				MTL_ENABLE_DEBUG_INFO = NO;
				MTL_FAST_MATH = YES;
				SDKROOT = iphoneos;
				SWIFT_COMPILATION_MODE = wholemodule;
				SWIFT_OPTIMIZATION_LEVEL = "-O";
				VALIDATE_PRODUCT = YES;
			};
			name = Release;
		};
		B62D524D286CA41F0022072B /* Debug */ = {
			isa = XCBuildConfiguration;
			buildSettings = {
				ASSETCATALOG_COMPILER_APPICON_NAME = AppIcon;
				ASSETCATALOG_COMPILER_GLOBAL_ACCENT_COLOR_NAME = AccentColor;
				CODE_SIGN_STYLE = Automatic;
				CURRENT_PROJECT_VERSION = 1;
				DEVELOPMENT_ASSET_PATHS = "\"Fructus/Preview Content\"";
				DEVELOPMENT_TEAM = 9P49DMB5R9;
				ENABLE_PREVIEWS = YES;
				GENERATE_INFOPLIST_FILE = YES;
				INFOPLIST_KEY_UIApplicationSceneManifest_Generation = YES;
				INFOPLIST_KEY_UIApplicationSupportsIndirectInputEvents = YES;
				INFOPLIST_KEY_UILaunchScreen_Generation = YES;
				INFOPLIST_KEY_UISupportedInterfaceOrientations = UIInterfaceOrientationPortrait;
				INFOPLIST_KEY_UISupportedInterfaceOrientations_iPad = "UIInterfaceOrientationPortrait UIInterfaceOrientationPortraitUpsideDown UIInterfaceOrientationLandscapeLeft UIInterfaceOrientationLandscapeRight";
				INFOPLIST_KEY_UISupportedInterfaceOrientations_iPhone = UIInterfaceOrientationPortrait;
				LD_RUNPATH_SEARCH_PATHS = (
					"$(inherited)",
					"@executable_path/Frameworks",
				);
				MARKETING_VERSION = 1.0;
				PRODUCT_BUNDLE_IDENTIFIER = com.jmb.Fructus;
				PRODUCT_NAME = "$(TARGET_NAME)";
				SWIFT_EMIT_LOC_STRINGS = YES;
				SWIFT_VERSION = 5.0;
				TARGETED_DEVICE_FAMILY = "1,2";
			};
			name = Debug;
		};
		B62D524E286CA41F0022072B /* Release */ = {
			isa = XCBuildConfiguration;
			buildSettings = {
				ASSETCATALOG_COMPILER_APPICON_NAME = AppIcon;
				ASSETCATALOG_COMPILER_GLOBAL_ACCENT_COLOR_NAME = AccentColor;
				CODE_SIGN_STYLE = Automatic;
				CURRENT_PROJECT_VERSION = 1;
				DEVELOPMENT_ASSET_PATHS = "\"Fructus/Preview Content\"";
				DEVELOPMENT_TEAM = 9P49DMB5R9;
				ENABLE_PREVIEWS = YES;
				GENERATE_INFOPLIST_FILE = YES;
				INFOPLIST_KEY_UIApplicationSceneManifest_Generation = YES;
				INFOPLIST_KEY_UIApplicationSupportsIndirectInputEvents = YES;
				INFOPLIST_KEY_UILaunchScreen_Generation = YES;
				INFOPLIST_KEY_UISupportedInterfaceOrientations = UIInterfaceOrientationPortrait;
				INFOPLIST_KEY_UISupportedInterfaceOrientations_iPad = "UIInterfaceOrientationPortrait UIInterfaceOrientationPortraitUpsideDown UIInterfaceOrientationLandscapeLeft UIInterfaceOrientationLandscapeRight";
				INFOPLIST_KEY_UISupportedInterfaceOrientations_iPhone = UIInterfaceOrientationPortrait;
				LD_RUNPATH_SEARCH_PATHS = (
					"$(inherited)",
					"@executable_path/Frameworks",
				);
				MARKETING_VERSION = 1.0;
				PRODUCT_BUNDLE_IDENTIFIER = com.jmb.Fructus;
				PRODUCT_NAME = "$(TARGET_NAME)";
				SWIFT_EMIT_LOC_STRINGS = YES;
				SWIFT_VERSION = 5.0;
				TARGETED_DEVICE_FAMILY = "1,2";
			};
			name = Release;
		};
/* End XCBuildConfiguration section */

/* Begin XCConfigurationList section */
		B62D5239286CA41D0022072B /* Build configuration list for PBXProject "Fructus" */ = {
			isa = XCConfigurationList;
			buildConfigurations = (
				B62D524A286CA41F0022072B /* Debug */,
				B62D524B286CA41F0022072B /* Release */,
			);
			defaultConfigurationIsVisible = 0;
			defaultConfigurationName = Release;
		};
		B62D524C286CA41F0022072B /* Build configuration list for PBXNativeTarget "Fructus" */ = {
			isa = XCConfigurationList;
			buildConfigurations = (
				B62D524D286CA41F0022072B /* Debug */,
				B62D524E286CA41F0022072B /* Release */,
			);
			defaultConfigurationIsVisible = 0;
			defaultConfigurationName = Release;
		};
/* End XCConfigurationList section */
	};
	rootObject = B62D5236286CA41D0022072B /* Project object */;
}
